
Microsoft Visual Studio Solution File, Format Version 12.00
# Visual Studio Version 17
VisualStudioVersion = 17.10.35013.160
MinimumVisualStudioVersion = 10.0.40219.1
Project("{9A19103F-16F7-4668-BE54-9A1E7A4F7556}") = "DesafioProjetoHospedagem", "DesafioProjetoHospedagem.csproj", "{2CAF9C18-6F74-47F4-A5AF-2EB9D8E767ED}"
EndProject
Global
	GlobalSection(SolutionConfigurationPlatforms) = preSolution
		Debug|Any CPU = Debug|Any CPU
		Release|Any CPU = Release|Any CPU
	EndGlobalSection
	GlobalSection(ProjectConfigurationPlatforms) = postSolution
		{2CAF9C18-6F74-47F4-A5AF-2EB9D8E767ED}.Debug|Any CPU.ActiveCfg = Debug|Any CPU
		{2CAF9C18-6F74-47F4-A5AF-2EB9D8E767ED}.Debug|Any CPU.Build.0 = Debug|Any CPU
		{2CAF9C18-6F74-47F4-A5AF-2EB9D8E767ED}.Release|Any CPU.ActiveCfg = Release|Any CPU
		{2CAF9C18-6F74-47F4-A5AF-2EB9D8E767ED}.Release|Any CPU.Build.0 = Release|Any CPU
	EndGlobalSection
	GlobalSection(SolutionProperties) = preSolution
		HideSolutionNode = FALSE
	EndGlobalSection
	GlobalSection(ExtensibilityGlobals) = postSolution
		SolutionGuid = {71886F40-4DE2-492E-8B91-98A5DE89221A}
	EndGlobalSection
EndGlobal
